<?xml version="1.0" encoding="utf-8"?>
<Project ToolsVersion="4.0" xmlns="http://schemas.microsoft.com/developer/msbuild/2003">
  <ItemGroup>
    <Filter Include="Source Files">
      <UniqueIdentifier>{4FC737F1-C7A5-4376-A066-2A32D752A2FF}</UniqueIdentifier>
      <Extensions>cpp;c;cc;cxx;def;odl;idl;hpj;bat;asm;asmx</Extensions>
    </Filter>
    <Filter Include="Header Files">
      <UniqueIdentifier>{93995380-89BD-4b04-88EB-625FBE52EBFB}</UniqueIdentifier>
      <Extensions>h;hpp;hxx;hm;inl;inc;xsd</Extensions>
    </Filter>
    <Filter Include="Resource Files">
      <UniqueIdentifier>{67DA6AB6-F800-4c08-8B7A-83BB121AAD01}</UniqueIdentifier>
      <Extensions>rc;ico;cur;bmp;dlg;rc2;rct;bin;rgs;gif;jpg;jpeg;jpe;resx;tiff;tif;png;wav</Extensions>
    </Filter>
    <Filter Include="blocks">
      <UniqueIdentifier>{61d49f39-8fe4-433a-923b-0e9ef2f95ea6}</UniqueIdentifier>
    </Filter>
    <Filter Include="blocks\Cinder-Curl">
      <UniqueIdentifier>{9403c04d-1449-4006-a54b-0c5bb1ec41b6}</UniqueIdentifier>
    </Filter>
    <Filter Include="blocks\Cinder-Curl\curl">
      <UniqueIdentifier>{76c871ae-097f-4411-a252-421c14bb88dd}</UniqueIdentifier>
    </Filter>
    <Filter Include="Source Files\instagram">
      <UniqueIdentifier>{27962b30-ea9e-4086-9fed-47b24c07c48b}</UniqueIdentifier>
    </Filter>
  </ItemGroup>
  <ItemGroup>
    <ClCompile Include="..\src\InstagramApp.cpp">
      <Filter>Source Files</Filter>
    </ClCompile>
    <ClCompile Include="..\src\InstagramApp.cpp">
      <Filter>Source Files</Filter>
    </ClCompile>
    <ClInclude Include="..\include\Resources.h">
      <Filter>Header Files</Filter>
    </ClInclude>
    <ClCompile Include="..\blocks\Cinder-Curl\src\Curl.cpp">
      <Filter>blocks\Cinder-Curl</Filter>
    </ClCompile>
    <ClCompile Include="..\blocks\Cinder-Curl\src\Ftp.cpp">
      <Filter>blocks\Cinder-Curl</Filter>
    </ClCompile>
    <ClCompile Include="..\blocks\Cinder-Curl\src\FtpManager.cpp">
      <Filter>blocks\Cinder-Curl</Filter>
    </ClCompile>
  </ItemGroup>
  <ItemGroup>
    <ClInclude Include="..\include\Resources.h">
      <Filter>Header Files</Filter>
    </ClInclude>
    <ClInclude Include="..\blocks\Cinder-Curl\src\curl\curl.h">
      <Filter>blocks\Cinder-Curl\curl</Filter>
    </ClInclude>
    <ClInclude Include="..\blocks\Cinder-Curl\src\curl\curlbuild.h">
      <Filter>blocks\Cinder-Curl\curl</Filter>
    </ClInclude>
    <ClInclude Include="..\blocks\Cinder-Curl\src\curl\curlrules.h">
      <Filter>blocks\Cinder-Curl\curl</Filter>
    </ClInclude>
    <ClInclude Include="..\blocks\Cinder-Curl\src\curl\curlver.h">
      <Filter>blocks\Cinder-Curl\curl</Filter>
    </ClInclude>
    <ClInclude Include="..\blocks\Cinder-Curl\src\curl\easy.h">
      <Filter>blocks\Cinder-Curl\curl</Filter>
    </ClInclude>
    <ClInclude Include="..\blocks\Cinder-Curl\src\curl\mprintf.h">
      <Filter>blocks\Cinder-Curl\curl</Filter>
    </ClInclude>
    <ClInclude Include="..\blocks\Cinder-Curl\src\curl\multi.h">
      <Filter>blocks\Cinder-Curl\curl</Filter>
    </ClInclude>
    <ClInclude Include="..\blocks\Cinder-Curl\src\curl\stdcheaders.h">
      <Filter>blocks\Cinder-Curl\curl</Filter>
    </ClInclude>
    <ClInclude Include="..\blocks\Cinder-Curl\src\curl\typecheck-gcc.h">
      <Filter>blocks\Cinder-Curl\curl</Filter>
    </ClInclude>
    <ClInclude Include="..\blocks\Cinder-Curl\src\Curl.h">
      <Filter>blocks\Cinder-Curl</Filter>
    </ClInclude>
    <ClInclude Include="..\blocks\Cinder-Curl\src\Ftp.h">
      <Filter>blocks\Cinder-Curl</Filter>
    </ClInclude>
    <ClInclude Include="..\blocks\Cinder-Curl\src\FtpManager.h">
      <Filter>blocks\Cinder-Curl</Filter>
    </ClInclude>
    <ClInclude Include="..\src\instagram\InstagramClient.h">
      <Filter>Source Files\instagram</Filter>
    </ClInclude>
    <ClInclude Include="..\src\instagram\InstagramClientInterface.h">
      <Filter>Source Files\instagram</Filter>
    </ClInclude>
    <ClInclude Include="..\src\instagram\InstagramThreadClient.h">
      <Filter>Source Files\instagram</Filter>
    </ClInclude>
  </ItemGroup>
  <ItemGroup>
    <ResourceCompile Include="Resources.rc">
      <Filter>Resource Files</Filter>
    </ResourceCompile>
  </ItemGroup>
</Project>