<?xml version="1.0" encoding="utf-8"?>
<Project ToolsVersion="4.0" xmlns="http://schemas.microsoft.com/developer/msbuild/2003">
  <ItemGroup>
    <Filter Include="Source Files">
      <UniqueIdentifier>{4FC737F1-C7A5-4376-A066-2A32D752A2FF}</UniqueIdentifier>
      <Extensions>cpp;c;cc;cxx;def;odl;idl;hpj;bat;asm;asmx</Extensions>
    </Filter>
    <Filter Include="Header Files">
      <UniqueIdentifier>{93995380-89BD-4b04-88EB-625FBE52EBFB}</UniqueIdentifier>
      <Extensions>h;hpp;hxx;hm;inl;inc;xsd</Extensions>
    </Filter>
    <Filter Include="Resource Files">
      <UniqueIdentifier>{67DA6AB6-F800-4c08-8B7A-83BB121AAD01}</UniqueIdentifier>
      <Extensions>rc;ico;cur;bmp;dlg;rc2;rct;bin;rgs;gif;jpg;jpeg;jpe;resx;tiff;tif;png;wav</Extensions>
    </Filter>
    <Filter Include="Source Files\model">
      <UniqueIdentifier>{89c98543-2651-42e7-9684-653c58ca8ea8}</UniqueIdentifier>
    </Filter>
    <Filter Include="Source Files\locations">
      <UniqueIdentifier>{74f60d72-28ce-4600-9354-53dd8482a79e}</UniqueIdentifier>
    </Filter>
    <Filter Include="Source Files\locations\appstates">
      <UniqueIdentifier>{06faf994-c853-4457-8840-1cdf2c38bc3b}</UniqueIdentifier>
    </Filter>
    <Filter Include="Source Files\locations\engine">
      <UniqueIdentifier>{29e48972-76c6-4b45-804b-6600dfb060a0}</UniqueIdentifier>
    </Filter>
    <Filter Include="Source Files\controller">
      <UniqueIdentifier>{1d6d4a7a-34f4-4b8f-a7a0-366da65ebe66}</UniqueIdentifier>
    </Filter>
    <Filter Include="Source Files\graphics">
      <UniqueIdentifier>{9b249606-a9ff-410a-bcf5-7fa76712fa15}</UniqueIdentifier>
    </Filter>
    <Filter Include="Source Files\config">
      <UniqueIdentifier>{1570ce4a-f968-4930-8d17-5fbd0c60eabd}</UniqueIdentifier>
    </Filter>
    <Filter Include="Source Files\devices">
      <UniqueIdentifier>{034b7e4a-d64e-424c-bc60-d764f26bb369}</UniqueIdentifier>
    </Filter>
    <Filter Include="Source Files\devices\photocamera">
      <UniqueIdentifier>{8f1fc16d-1331-4a89-9e2e-3c669012c83c}</UniqueIdentifier>
    </Filter>
    <Filter Include="Source Files\devices\kinect">
      <UniqueIdentifier>{a8a64435-6bcf-4ebc-a807-1d4a76f29ecc}</UniqueIdentifier>
    </Filter>
    <Filter Include="Source Files\devices\leapmotion">
      <UniqueIdentifier>{7f8872e1-6136-4105-98d5-b8e42c1ae1ad}</UniqueIdentifier>
    </Filter>
    <Filter Include="Source Files\games">
      <UniqueIdentifier>{67a86cb2-501e-4eab-8022-6c0b9887678c}</UniqueIdentifier>
    </Filter>
    <Filter Include="Source Files\games\photobooth">
      <UniqueIdentifier>{b4124818-47ca-461c-b8b9-046f421af4c0}</UniqueIdentifier>
    </Filter>
    <Filter Include="Source Files\games\funces">
      <UniqueIdentifier>{16c3a339-88c8-42ea-8b96-dc09a789f8cb}</UniqueIdentifier>
    </Filter>
    <Filter Include="Source Files\games\kotopoza">
      <UniqueIdentifier>{3e4afc4f-30c2-4cde-b05b-9549157e084e}</UniqueIdentifier>
    </Filter>
    <Filter Include="blocks">
      <UniqueIdentifier>{e07631a5-3693-4a82-a22b-3ee0d1323d2d}</UniqueIdentifier>
    </Filter>
    <Filter Include="Source Files\socialweb">
      <UniqueIdentifier>{35ee7695-08a8-4846-b1d0-7c3a06bb5cb0}</UniqueIdentifier>
    </Filter>
    <Filter Include="Source Files\devices\printer">
      <UniqueIdentifier>{176d0808-ec4d-438f-8457-f2e10893585b}</UniqueIdentifier>
    </Filter>
    <Filter Include="Source Files\graphics\texmanager">
      <UniqueIdentifier>{e1253bc8-bd10-4aaf-ad3b-060422603aaa}</UniqueIdentifier>
    </Filter>
  </ItemGroup>
  <ItemGroup>
    <ClCompile Include="..\src\EngineApp.cpp">
      <Filter>Source Files</Filter>
    </ClCompile>
    <ClCompile Include="..\src\EngineApp.cpp">
      <Filter>Source Files</Filter>
    </ClCompile>
    <ClInclude Include="..\include\Resources.h">
      <Filter>Header Files</Filter>
    </ClInclude>
    <ClCompile Include="..\src\locations\appstates\ChooseGameScreen.cpp">
      <Filter>Source Files\locations\appstates</Filter>
    </ClCompile>
    <ClCompile Include="..\src\locations\appstates\ConfigurationGameScreen.cpp">
      <Filter>Source Files\locations\appstates</Filter>
    </ClCompile>
    <ClCompile Include="..\src\locations\appstates\PlayingGameScreen.cpp">
      <Filter>Source Files\locations\appstates</Filter>
    </ClCompile>
    <ClCompile Include="..\src\locations\engine\Location.cpp">
      <Filter>Source Files\locations\engine</Filter>
    </ClCompile>
    <ClCompile Include="..\src\locations\engine\LocationEngine.cpp">
      <Filter>Source Files\locations\engine</Filter>
    </ClCompile>
    <ClCompile Include="..\src\graphics\texmanager\TextureManager.cpp">
      <Filter>Source Files\graphics\texmanager</Filter>
    </ClCompile>
  </ItemGroup>
  <ItemGroup>
    <ClInclude Include="..\include\Resources.h">
      <Filter>Header Files</Filter>
    </ClInclude>
    <ClInclude Include="..\src\locations\appstates\ChooseGameScreen.h">
      <Filter>Source Files\locations\appstates</Filter>
    </ClInclude>
    <ClInclude Include="..\src\locations\appstates\ConfigurationGameScreen.h">
      <Filter>Source Files\locations\appstates</Filter>
    </ClInclude>
    <ClInclude Include="..\src\locations\appstates\PlayingGameScreen.h">
      <Filter>Source Files\locations\appstates</Filter>
    </ClInclude>
    <ClInclude Include="..\src\locations\engine\Location.h">
      <Filter>Source Files\locations\engine</Filter>
    </ClInclude>
    <ClInclude Include="..\src\locations\engine\LocationEngine.h">
      <Filter>Source Files\locations\engine</Filter>
    </ClInclude>
    <ClInclude Include="..\src\config\Config.h">
      <Filter>Source Files\config</Filter>
    </ClInclude>
    <ClInclude Include="..\src\model\ApplicationModel.h">
      <Filter>Source Files\model</Filter>
    </ClInclude>
    <ClInclude Include="..\src\graphics\Graphics.h">
      <Filter>Source Files\graphics</Filter>
    </ClInclude>
    <ClInclude Include="..\src\graphics\texmanager\TextureManager.h">
      <Filter>Source Files\graphics\texmanager</Filter>
    </ClInclude>
  </ItemGroup>
  <ItemGroup>
    <ResourceCompile Include="Resources.rc">
      <Filter>Resource Files</Filter>
    </ResourceCompile>
  </ItemGroup>
</Project>