<?xml version="1.0" encoding="utf-8"?>
<Project ToolsVersion="4.0" xmlns="http://schemas.microsoft.com/developer/msbuild/2003">
  <ItemGroup>
    <Filter Include="Source Files">
      <UniqueIdentifier>{4FC737F1-C7A5-4376-A066-2A32D752A2FF}</UniqueIdentifier>
      <Extensions>cpp;c;cc;cxx;def;odl;idl;hpj;bat;asm;asmx</Extensions>
    </Filter>
    <Filter Include="Header Files">
      <UniqueIdentifier>{93995380-89BD-4b04-88EB-625FBE52EBFB}</UniqueIdentifier>
      <Extensions>h;hpp;hxx;hm;inl;inc;xsd</Extensions>
    </Filter>
    <Filter Include="Resource Files">
      <UniqueIdentifier>{67DA6AB6-F800-4c08-8B7A-83BB121AAD01}</UniqueIdentifier>
      <Extensions>rc;ico;cur;bmp;dlg;rc2;rct;bin;rgs;gif;jpg;jpeg;jpe;resx;tiff;tif;png;wav</Extensions>
    </Filter>
    <Filter Include="Source Files\locations">
      <UniqueIdentifier>{74f60d72-28ce-4600-9354-53dd8482a79e}</UniqueIdentifier>
    </Filter>
    <Filter Include="Source Files\controller">
      <UniqueIdentifier>{1d6d4a7a-34f4-4b8f-a7a0-366da65ebe66}</UniqueIdentifier>
    </Filter>
    <Filter Include="Source Files\graphics">
      <UniqueIdentifier>{9b249606-a9ff-410a-bcf5-7fa76712fa15}</UniqueIdentifier>
    </Filter>
    <Filter Include="Source Files\config">
      <UniqueIdentifier>{1570ce4a-f968-4930-8d17-5fbd0c60eabd}</UniqueIdentifier>
    </Filter>
    <Filter Include="Source Files\devices">
      <UniqueIdentifier>{034b7e4a-d64e-424c-bc60-d764f26bb369}</UniqueIdentifier>
    </Filter>
    <Filter Include="Source Files\devices\kinect">
      <UniqueIdentifier>{a8a64435-6bcf-4ebc-a807-1d4a76f29ecc}</UniqueIdentifier>
    </Filter>
    <Filter Include="Source Files\devices\leapmotion">
      <UniqueIdentifier>{7f8872e1-6136-4105-98d5-b8e42c1ae1ad}</UniqueIdentifier>
    </Filter>
    <Filter Include="Source Files\games">
      <UniqueIdentifier>{67a86cb2-501e-4eab-8022-6c0b9887678c}</UniqueIdentifier>
    </Filter>
    <Filter Include="Source Files\games\photobooth">
      <UniqueIdentifier>{b4124818-47ca-461c-b8b9-046f421af4c0}</UniqueIdentifier>
    </Filter>
    <Filter Include="Source Files\games\funces">
      <UniqueIdentifier>{16c3a339-88c8-42ea-8b96-dc09a789f8cb}</UniqueIdentifier>
    </Filter>
    <Filter Include="Source Files\games\kotopoza">
      <UniqueIdentifier>{3e4afc4f-30c2-4cde-b05b-9549157e084e}</UniqueIdentifier>
    </Filter>
    <Filter Include="blocks">
      <UniqueIdentifier>{e07631a5-3693-4a82-a22b-3ee0d1323d2d}</UniqueIdentifier>
    </Filter>
    <Filter Include="Source Files\socialweb">
      <UniqueIdentifier>{35ee7695-08a8-4846-b1d0-7c3a06bb5cb0}</UniqueIdentifier>
    </Filter>
    <Filter Include="Source Files\devices\printer">
      <UniqueIdentifier>{176d0808-ec4d-438f-8457-f2e10893585b}</UniqueIdentifier>
    </Filter>
    <Filter Include="Source Files\app">
      <UniqueIdentifier>{17ec98ba-54e8-441e-a31f-fda40d4e7c79}</UniqueIdentifier>
    </Filter>
    <Filter Include="Source Files\locations\menu">
      <UniqueIdentifier>{334396e2-8676-41cf-a2c9-478e16d6e237}</UniqueIdentifier>
    </Filter>
    <Filter Include="Source Files\locations\settings">
      <UniqueIdentifier>{28a76c3c-24c8-4fe1-b75d-d293b3346020}</UniqueIdentifier>
    </Filter>
    <Filter Include="Source Files\locations\service">
      <UniqueIdentifier>{1d08bf38-0793-4149-8935-080445b43aca}</UniqueIdentifier>
    </Filter>
    <Filter Include="Source Files\tools">
      <UniqueIdentifier>{07cb0813-4ff6-43c4-99af-e144b8d20eb6}</UniqueIdentifier>
    </Filter>
    <Filter Include="Source Files\games\funces\states">
      <UniqueIdentifier>{974430f4-a331-451d-94c6-ce0de124a101}</UniqueIdentifier>
    </Filter>
    <Filter Include="Source Files\games\photobooth\states">
      <UniqueIdentifier>{f13971d4-578f-4646-b025-c16ac4b1bd0a}</UniqueIdentifier>
    </Filter>
    <Filter Include="Source Files\locations\screensaver">
      <UniqueIdentifier>{b791b344-b1d4-42f4-9ab6-4ff16c26567b}</UniqueIdentifier>
    </Filter>
    <Filter Include="Source Files\config\exception">
      <UniqueIdentifier>{15c01e21-71b4-43f0-916a-184096d3e464}</UniqueIdentifier>
    </Filter>
    <Filter Include="blocks\CanonSDK">
      <UniqueIdentifier>{57cb7e94-492a-45d0-8fa3-6b0341daa89e}</UniqueIdentifier>
    </Filter>
    <Filter Include="blocks\CanonSDK\include">
      <UniqueIdentifier>{5b70e924-eb45-4e69-8eff-5da3405f58fe}</UniqueIdentifier>
    </Filter>
    <Filter Include="blocks\CanonSDK\src">
      <UniqueIdentifier>{0e5cbe12-6587-411d-8cbc-e842c7e6a64b}</UniqueIdentifier>
    </Filter>
    <Filter Include="Source Files\devices\canon">
      <UniqueIdentifier>{8f1fc16d-1331-4a89-9e2e-3c669012c83c}</UniqueIdentifier>
    </Filter>
    <Filter Include="Source Files\games\photobooth\model">
      <UniqueIdentifier>{b56bac05-009a-4adf-bd46-4a2c431901e3}</UniqueIdentifier>
    </Filter>
    <Filter Include="Source Files\graphics\shaders">
      <UniqueIdentifier>{a2beaf61-29f2-4c04-9fd3-56ef0d7ed9fd}</UniqueIdentifier>
    </Filter>
    <Filter Include="Source Files\loaders">
      <UniqueIdentifier>{3a959db3-c427-4cb0-bc9b-7e3202cb53ff}</UniqueIdentifier>
    </Filter>
    <Filter Include="Source Files\events">
      <UniqueIdentifier>{4708ef9c-5f22-4fdb-b750-3da99b45f862}</UniqueIdentifier>
    </Filter>
    <Filter Include="Source Files\events\settings">
      <UniqueIdentifier>{473d97a5-5eca-4186-b65e-cb515d15da62}</UniqueIdentifier>
    </Filter>
    <Filter Include="Source Files\locations\settings\photobooth">
      <UniqueIdentifier>{b9d7b15e-7d45-4956-8e37-a279bb4ac4de}</UniqueIdentifier>
    </Filter>
    <Filter Include="Source Files\locations\settings\photobooth\elements">
      <UniqueIdentifier>{4007baa9-3a3b-4e8a-bfc5-265633a0aae3}</UniqueIdentifier>
    </Filter>
    <Filter Include="Source Files\locations\settings\main">
      <UniqueIdentifier>{60af9c87-3f31-40bd-a880-f5b7b27d13fb}</UniqueIdentifier>
    </Filter>
    <Filter Include="Source Files\locations\settings\main\gamesBlock">
      <UniqueIdentifier>{4702424b-1f7a-43e1-9ad1-160ad4dfe3f7}</UniqueIdentifier>
    </Filter>
    <Filter Include="Source Files\gui">
      <UniqueIdentifier>{f6107996-eba6-4d26-9786-c072332960ba}</UniqueIdentifier>
    </Filter>
    <Filter Include="Source Files\events\menu">
      <UniqueIdentifier>{8be9098e-3ad8-4b8f-9675-4d92d2f35d63}</UniqueIdentifier>
    </Filter>
    <Filter Include="Source Files\locations\settings\main\popup">
      <UniqueIdentifier>{bc240154-e4cb-4996-a75c-100023e59bb8}</UniqueIdentifier>
    </Filter>
    <Filter Include="Source Files\locations\settings\main\designBlock">
      <UniqueIdentifier>{223816e8-8379-4058-aa58-8d03ea9b7089}</UniqueIdentifier>
    </Filter>
    <Filter Include="Source Files\locations\settings\elements">
      <UniqueIdentifier>{e04be31e-5012-42f0-acbc-0ea0eee09093}</UniqueIdentifier>
    </Filter>
    <Filter Include="Source Files\locations\settings\main\printerBlock">
      <UniqueIdentifier>{986be9b1-d719-4a6e-adaa-382c04ff0342}</UniqueIdentifier>
    </Filter>
    <Filter Include="Source Files\config\games">
      <UniqueIdentifier>{ea5fa052-5f07-490a-aa4b-fa8fe0b7b1f6}</UniqueIdentifier>
    </Filter>
    <Filter Include="Source Files\config\games\photobooth">
      <UniqueIdentifier>{4e963074-0b4f-42c7-b108-ea24e016e527}</UniqueIdentifier>
    </Filter>
    <Filter Include="Source Files\locations\settings\instakub">
      <UniqueIdentifier>{928073c5-b8e1-4836-ae4f-292539430614}</UniqueIdentifier>
    </Filter>
    <Filter Include="Source Files\config\games\instakub">
      <UniqueIdentifier>{6d937441-2e7f-43cc-b804-2c20189027dd}</UniqueIdentifier>
    </Filter>
    <Filter Include="Source Files\services">
      <UniqueIdentifier>{95ef188d-0982-482b-991f-f55d64822582}</UniqueIdentifier>
    </Filter>
    <Filter Include="Source Files\services\virtualKeyboard">
      <UniqueIdentifier>{d314694c-f172-4f52-8a0b-c0a9aae775da}</UniqueIdentifier>
    </Filter>
    <Filter Include="Source Files\games\photobooth\elements">
      <UniqueIdentifier>{f13dc13c-304e-49b6-8491-a4d8042f989c}</UniqueIdentifier>
    </Filter>
    <Filter Include="Source Files\events\games">
      <UniqueIdentifier>{a46d9042-2dd0-4d39-8238-f3f6fcf6bdd6}</UniqueIdentifier>
    </Filter>
    <Filter Include="Source Files\events\games\photobooth">
      <UniqueIdentifier>{8216b7f3-f817-4a13-87e4-ce0d7c2fede8}</UniqueIdentifier>
    </Filter>
    <Filter Include="Source Files\config\games\funces">
      <UniqueIdentifier>{95df96d4-5466-4914-bddf-0ed54f23c6a2}</UniqueIdentifier>
    </Filter>
    <Filter Include="Source Files\config\screensaver">
      <UniqueIdentifier>{d75bb8d2-8603-4fe8-9891-14e23f6bb370}</UniqueIdentifier>
    </Filter>
    <Filter Include="Source Files\config\menu">
      <UniqueIdentifier>{4f16bd56-51c3-47f0-bb22-51a4587ceac4}</UniqueIdentifier>
    </Filter>
    <Filter Include="Source Files\config\elements">
      <UniqueIdentifier>{627a7039-2a64-4151-af8d-c0174e2d31aa}</UniqueIdentifier>
    </Filter>
    <Filter Include="Source Files\games\photobooth\states\templateButtons">
      <UniqueIdentifier>{b9b7e4ec-17ed-4aab-80ab-2b7fe9936869}</UniqueIdentifier>
    </Filter>
  </ItemGroup>
  <ItemGroup>
    <ClCompile Include="..\src\EngineApp.cpp">
      <Filter>Source Files</Filter>
    </ClCompile>
    <ClCompile Include="..\src\EngineApp.cpp">
      <Filter>Source Files</Filter>
    </ClCompile>
    <ClInclude Include="..\include\Resources.h">
      <Filter>Header Files</Filter>
    </ClInclude>
    <ClCompile Include="..\src\locations\menu\MenuScreen.cpp">
      <Filter>Source Files\locations\menu</Filter>
    </ClCompile>
    <ClCompile Include="..\src\games\funces\Funces.cpp">
      <Filter>Source Files\games\funces</Filter>
    </ClCompile>
    <ClCompile Include="..\src\games\photobooth\Photobooth.cpp">
      <Filter>Source Files\games\photobooth</Filter>
    </ClCompile>
    <ClCompile Include="..\src\tools\Utils.cpp">
      <Filter>Source Files\tools</Filter>
    </ClCompile>
    <ClCompile Include="..\src\controller\Controller.cpp">
      <Filter>Source Files\controller</Filter>
    </ClCompile>
    <ClCompile Include="..\src\config\exception\KubikException.cpp">
      <Filter>Source Files\config\exception</Filter>
    </ClCompile>
    <ClCompile Include="..\src\locations\screensaver\ScreenSaver.cpp">
      <Filter>Source Files\locations\screensaver</Filter>
    </ClCompile>
    <ClCompile Include="..\src\games\photobooth\states\IPhotoboothLocation.cpp">
      <Filter>Source Files\games\photobooth\states</Filter>
    </ClCompile>
    <ClCompile Include="..\blocks\CanonSDK\src\BaseCanon.cpp">
      <Filter>blocks\CanonSDK\src</Filter>
    </ClCompile>
    <ClCompile Include="..\blocks\CanonSDK\src\CameraCanon.cpp">
      <Filter>blocks\CanonSDK\src</Filter>
    </ClCompile>
    <ClCompile Include="..\blocks\CanonSDK\src\CameraController.cpp">
      <Filter>blocks\CanonSDK\src</Filter>
    </ClCompile>
    <ClCompile Include="..\blocks\CanonSDK\src\CameraEventListener.cpp">
      <Filter>blocks\CanonSDK\src</Filter>
    </ClCompile>
    <ClCompile Include="..\blocks\CanonSDK\src\CanonException.cpp">
      <Filter>blocks\CanonSDK\src</Filter>
    </ClCompile>
    <ClCompile Include="..\src\devices\canon\CameraAdapter.cpp">
      <Filter>Source Files\devices\canon</Filter>
    </ClCompile>
    <ClCompile Include="..\src\srdafx.cpp">
      <Filter>Source Files</Filter>
    </ClCompile>
    <ClCompile Include="..\src\locations\settings\ConfigScreen.cpp">
      <Filter>Source Files\locations\settings</Filter>
    </ClCompile>
    <ClCompile Include="..\src\services\virtualKeyboard\VirtualKeyboard.cpp">
      <Filter>Source Files\services\virtualKeyboard</Filter>
    </ClCompile>
    <ClCompile Include="..\src\locations\settings\instakub\InstakubConfig.cpp">
      <Filter>Source Files\locations\settings\instakub</Filter>
    </ClCompile>
    <ClCompile Include="..\src\locations\settings\instakub\SearchBlock.cpp">
      <Filter>Source Files\locations\settings\instakub</Filter>
    </ClCompile>
    <ClCompile Include="..\src\locations\settings\instakub\HashTagBlock.cpp">
      <Filter>Source Files\locations\settings\instakub</Filter>
    </ClCompile>
    <ClCompile Include="..\src\locations\settings\instakub\HashChecker.cpp">
      <Filter>Source Files\locations\settings\instakub</Filter>
    </ClCompile>
    <ClCompile Include="..\src\locations\settings\photobooth\PhotoboothConfig.cpp">
      <Filter>Source Files\locations\settings\photobooth</Filter>
    </ClCompile>
    <ClCompile Include="..\src\locations\settings\photobooth\elements\IPhotoboothItem.cpp">
      <Filter>Source Files\locations\settings\photobooth\elements</Filter>
    </ClCompile>
    <ClCompile Include="..\src\locations\settings\photobooth\elements\CheckerSocial.cpp">
      <Filter>Source Files\locations\settings\photobooth\elements</Filter>
    </ClCompile>
    <ClCompile Include="..\src\locations\settings\photobooth\elements\Sharing.cpp">
      <Filter>Source Files\locations\settings\photobooth\elements</Filter>
    </ClCompile>
    <ClCompile Include="..\src\locations\settings\photobooth\elements\MainTitleButton.cpp">
      <Filter>Source Files\locations\settings\photobooth\elements</Filter>
    </ClCompile>
    <ClCompile Include="..\src\locations\settings\photobooth\elements\PhotoCardStyle.cpp">
      <Filter>Source Files\locations\settings\photobooth\elements</Filter>
    </ClCompile>
    <ClCompile Include="..\src\locations\settings\instakub\InstaPhotoCardStyle.cpp">
      <Filter>Source Files\locations\settings\instakub</Filter>
    </ClCompile>
    <ClCompile Include="..\src\locations\settings\photobooth\elements\PhotoOverElements.cpp">
      <Filter>Source Files\locations\settings\photobooth\elements</Filter>
    </ClCompile>
    <ClCompile Include="..\src\locations\settings\photobooth\elements\PhotoFilters.cpp">
      <Filter>Source Files\locations\settings\photobooth\elements</Filter>
    </ClCompile>
    <ClCompile Include="..\src\locations\settings\elements\LoadButton.cpp">
      <Filter>Source Files\locations\settings\elements</Filter>
    </ClCompile>
    <ClCompile Include="..\src\locations\settings\elements\DecorLoadButton.cpp">
      <Filter>Source Files\locations\settings\elements</Filter>
    </ClCompile>
    <ClCompile Include="..\src\locations\settings\elements\ImageQuadroButton.cpp">
      <Filter>Source Files\locations\settings\elements</Filter>
    </ClCompile>
    <ClCompile Include="..\src\locations\settings\elements\Checker.cpp">
      <Filter>Source Files\locations\settings\elements</Filter>
    </ClCompile>
    <ClCompile Include="..\src\locations\settings\elements\ToolRoundBtn.cpp">
      <Filter>Source Files\locations\settings\elements</Filter>
    </ClCompile>
    <ClCompile Include="..\src\locations\settings\elements\SixButtonsLayer.cpp">
      <Filter>Source Files\locations\settings\elements</Filter>
    </ClCompile>
    <ClCompile Include="..\src\games\photobooth\states\PhotoInstruction.cpp">
      <Filter>Source Files\games\photobooth\states</Filter>
    </ClCompile>
    <ClCompile Include="..\src\games\photobooth\states\PhotoFilter.cpp">
      <Filter>Source Files\games\photobooth\states</Filter>
    </ClCompile>
    <ClCompile Include="..\src\games\photobooth\states\PhotoTimer.cpp">
      <Filter>Source Files\games\photobooth\states</Filter>
    </ClCompile>
    <ClCompile Include="..\src\gui\Sprite.cpp">
      <Filter>Source Files\gui</Filter>
    </ClCompile>
    <ClCompile Include="..\src\config\games\instakub\InstakubSettingscpp.cpp">
      <Filter>Source Files\config\games\instakub</Filter>
    </ClCompile>
    <ClCompile Include="..\src\config\games\photobooth\PhotoboothSettings.cpp">
      <Filter>Source Files\config\games\photobooth</Filter>
    </ClCompile>
    <ClCompile Include="..\src\games\photobooth\states\PhotoTemplate.cpp">
      <Filter>Source Files\games\photobooth\states</Filter>
    </ClCompile>
    <ClCompile Include="..\src\games\photobooth\states\templateButtons\TemplateButtons.cpp">
      <Filter>Source Files\games\photobooth\states\templateButtons</Filter>
    </ClCompile>
    <ClCompile Include="..\src\games\photobooth\states\PhotoChoosing.cpp">
      <Filter>Source Files\games\photobooth\states</Filter>
    </ClCompile>
  </ItemGroup>
  <ItemGroup>
    <ClInclude Include="..\include\Resources.h">
      <Filter>Header Files</Filter>
    </ClInclude>
    <ClInclude Include="..\src\locations\menu\MenuScreen.h">
      <Filter>Source Files\locations\menu</Filter>
    </ClInclude>
    <ClInclude Include="..\src\controller\Controller.h">
      <Filter>Source Files\controller</Filter>
    </ClInclude>
    <ClInclude Include="..\src\app\ApplicationView.h">
      <Filter>Source Files\app</Filter>
    </ClInclude>
    <ClInclude Include="..\src\games\IGame.h">
      <Filter>Source Files\games</Filter>
    </ClInclude>
    <ClInclude Include="..\src\games\funces\Funces.h">
      <Filter>Source Files\games\funces</Filter>
    </ClInclude>
    <ClInclude Include="..\src\games\kotopoza\Kotopoza.h">
      <Filter>Source Files\games\kotopoza</Filter>
    </ClInclude>
    <ClInclude Include="..\src\games\photobooth\Photobooth.h">
      <Filter>Source Files\games\photobooth</Filter>
    </ClInclude>
    <ClInclude Include="..\src\locations\Preloader.h">
      <Filter>Source Files\locations</Filter>
    </ClInclude>
    <ClInclude Include="resource.h">
      <Filter>Header Files</Filter>
    </ClInclude>
    <ClInclude Include="..\src\locations\service\ServicePopup.h">
      <Filter>Source Files\locations\service</Filter>
    </ClInclude>
    <ClInclude Include="..\src\tools\Utils.h">
      <Filter>Source Files\tools</Filter>
    </ClInclude>
    <ClInclude Include="..\src\tools\TextTools.h">
      <Filter>Source Files\tools</Filter>
    </ClInclude>
    <ClInclude Include="..\src\tools\MathTools.h">
      <Filter>Source Files\tools</Filter>
    </ClInclude>
    <ClInclude Include="..\src\tools\FileTools.h">
      <Filter>Source Files\tools</Filter>
    </ClInclude>
    <ClInclude Include="..\src\tools\StringTools.h">
      <Filter>Source Files\tools</Filter>
    </ClInclude>
    <ClInclude Include="..\src\games\photobooth\states\PhotoTimer.h">
      <Filter>Source Files\games\photobooth\states</Filter>
    </ClInclude>
    <ClInclude Include="..\src\games\photobooth\states\PhotoTemplate.h">
      <Filter>Source Files\games\photobooth\states</Filter>
    </ClInclude>
    <ClInclude Include="..\src\games\photobooth\states\PhotoInstruction.h">
      <Filter>Source Files\games\photobooth\states</Filter>
    </ClInclude>
    <ClInclude Include="..\src\games\photobooth\states\PhotoFilter.h">
      <Filter>Source Files\games\photobooth\states</Filter>
    </ClInclude>
    <ClInclude Include="..\src\games\photobooth\states\PhotoChoosing.h">
      <Filter>Source Files\games\photobooth\states</Filter>
    </ClInclude>
    <ClInclude Include="..\src\games\photobooth\states\PhotoProcessing.h">
      <Filter>Source Files\games\photobooth\states</Filter>
    </ClInclude>
    <ClInclude Include="..\src\games\photobooth\states\PhotoSharing.h">
      <Filter>Source Files\games\photobooth\states</Filter>
    </ClInclude>
    <ClInclude Include="..\src\config\ApplicationModel.h">
      <Filter>Source Files\config</Filter>
    </ClInclude>
    <ClInclude Include="..\src\config\Types.h">
      <Filter>Source Files\config</Filter>
    </ClInclude>
    <ClInclude Include="..\src\config\exception\KubikException.h">
      <Filter>Source Files\config\exception</Filter>
    </ClInclude>
    <ClInclude Include="..\src\locations\screensaver\ImageScreenSaver.h">
      <Filter>Source Files\locations\screensaver</Filter>
    </ClInclude>
    <ClInclude Include="..\src\locations\screensaver\IResourceScreenSaver.h">
      <Filter>Source Files\locations\screensaver</Filter>
    </ClInclude>
    <ClInclude Include="..\src\locations\screensaver\ScreenSaver.h">
      <Filter>Source Files\locations\screensaver</Filter>
    </ClInclude>
    <ClInclude Include="..\src\locations\screensaver\VideoScreenSaver.h">
      <Filter>Source Files\locations\screensaver</Filter>
    </ClInclude>
    <ClInclude Include="..\src\games\GamesFactory.h">
      <Filter>Source Files\games</Filter>
    </ClInclude>
    <ClInclude Include="..\src\games\photobooth\states\IPhotoboothLocation.h">
      <Filter>Source Files\games\photobooth\states</Filter>
    </ClInclude>
    <ClInclude Include="..\src\games\photobooth\states\PhotoShooting.h">
      <Filter>Source Files\games\photobooth\states</Filter>
    </ClInclude>
    <ClInclude Include="..\blocks\CanonSDK\include\BaseCanon.h">
      <Filter>blocks\CanonSDK\include</Filter>
    </ClInclude>
    <ClInclude Include="..\blocks\CanonSDK\include\CameraCanon.h">
      <Filter>blocks\CanonSDK\include</Filter>
    </ClInclude>
    <ClInclude Include="..\blocks\CanonSDK\include\CameraController.h">
      <Filter>blocks\CanonSDK\include</Filter>
    </ClInclude>
    <ClInclude Include="..\blocks\CanonSDK\include\CameraEventListener.h">
      <Filter>blocks\CanonSDK\include</Filter>
    </ClInclude>
    <ClInclude Include="..\blocks\CanonSDK\include\CanonEventCodes.h">
      <Filter>blocks\CanonSDK\include</Filter>
    </ClInclude>
    <ClInclude Include="..\blocks\CanonSDK\include\CanonException.h">
      <Filter>blocks\CanonSDK\include</Filter>
    </ClInclude>
    <ClInclude Include="..\src\devices\canon\CameraAdapter.h">
      <Filter>Source Files\devices\canon</Filter>
    </ClInclude>
    <ClInclude Include="..\src\games\photobooth\model\PhotoStorage.h">
      <Filter>Source Files\games\photobooth\model</Filter>
    </ClInclude>
    <ClInclude Include="..\src\stdafx.h">
      <Filter>Source Files</Filter>
    </ClInclude>
    <ClInclude Include="..\src\graphics\shaders\BaseShader.h">
      <Filter>Source Files\graphics\shaders</Filter>
    </ClInclude>
    <ClInclude Include="..\src\loaders\ConfigLoader.h">
      <Filter>Source Files\loaders</Filter>
    </ClInclude>
    <ClInclude Include="..\src\loaders\GraphicsLoader.h">
      <Filter>Source Files\loaders</Filter>
    </ClInclude>
    <ClInclude Include="..\src\loaders\Iloader.h">
      <Filter>Source Files\loaders</Filter>
    </ClInclude>
    <ClInclude Include="..\src\locations\settings\ConfigScreen.h">
      <Filter>Source Files\locations\settings</Filter>
    </ClInclude>
    <ClInclude Include="..\src\locations\IScreen.h">
      <Filter>Source Files\locations</Filter>
    </ClInclude>
    <ClInclude Include="..\src\events\Event.h">
      <Filter>Source Files\events</Filter>
    </ClInclude>
    <ClInclude Include="..\src\events\settings\StatisticEvent.h">
      <Filter>Source Files\events\settings</Filter>
    </ClInclude>
    <ClInclude Include="..\src\events\settings\GameConfEvent.h">
      <Filter>Source Files\events\settings</Filter>
    </ClInclude>
    <ClInclude Include="..\src\events\settings\GameShowUrlEvent.h">
      <Filter>Source Files\events\settings</Filter>
    </ClInclude>
    <ClInclude Include="..\src\events\settings\CloseConfigEvent.h">
      <Filter>Source Files\events\settings</Filter>
    </ClInclude>
    <ClInclude Include="..\src\locations\settings\photobooth\PhotoboothConfig.h">
      <Filter>Source Files\locations\settings\photobooth</Filter>
    </ClInclude>
    <ClInclude Include="..\src\locations\settings\photobooth\elements\IPhotoboothItem.h">
      <Filter>Source Files\locations\settings\photobooth\elements</Filter>
    </ClInclude>
    <ClInclude Include="..\src\locations\settings\photobooth\elements\PhotoOverElements.h">
      <Filter>Source Files\locations\settings\photobooth\elements</Filter>
    </ClInclude>
    <ClInclude Include="..\src\events\settings\OpenPhotoBoothLayoutEvent.h">
      <Filter>Source Files\events\settings</Filter>
    </ClInclude>
    <ClInclude Include="..\src\locations\settings\photobooth\elements\MainTitleButton.h">
      <Filter>Source Files\locations\settings\photobooth\elements</Filter>
    </ClInclude>
    <ClInclude Include="..\src\locations\settings\photobooth\elements\PhotoFilters.h">
      <Filter>Source Files\locations\settings\photobooth\elements</Filter>
    </ClInclude>
    <ClInclude Include="..\src\locations\settings\photobooth\elements\Sharing.h">
      <Filter>Source Files\locations\settings\photobooth\elements</Filter>
    </ClInclude>
    <ClInclude Include="..\src\events\settings\SavePhotobootnConfigEvent.h">
      <Filter>Source Files\events\settings</Filter>
    </ClInclude>
    <ClInclude Include="..\src\locations\settings\photobooth\elements\CheckerSocial.h">
      <Filter>Source Files\locations\settings\photobooth\elements</Filter>
    </ClInclude>
    <ClInclude Include="..\src\locations\settings\main\CloseBlock.h">
      <Filter>Source Files\locations\settings\main</Filter>
    </ClInclude>
    <ClInclude Include="..\src\locations\settings\main\Logo.h">
      <Filter>Source Files\locations\settings\main</Filter>
    </ClInclude>
    <ClInclude Include="..\src\locations\settings\main\MainConfig.h">
      <Filter>Source Files\locations\settings\main</Filter>
    </ClInclude>
    <ClInclude Include="..\src\locations\settings\main\StartNewActivity.h">
      <Filter>Source Files\locations\settings\main</Filter>
    </ClInclude>
    <ClInclude Include="..\src\locations\settings\main\StatBlock.h">
      <Filter>Source Files\locations\settings\main</Filter>
    </ClInclude>
    <ClInclude Include="..\src\locations\settings\main\Title.h">
      <Filter>Source Files\locations\settings\main</Filter>
    </ClInclude>
    <ClInclude Include="..\src\locations\settings\main\gamesBlock\GamesBlock.h">
      <Filter>Source Files\locations\settings\main\gamesBlock</Filter>
    </ClInclude>
    <ClInclude Include="..\src\locations\settings\main\gamesBlock\NotPurchasedGamesBlock.h">
      <Filter>Source Files\locations\settings\main\gamesBlock</Filter>
    </ClInclude>
    <ClInclude Include="..\src\locations\settings\main\gamesBlock\OneGameNotPurchased.h">
      <Filter>Source Files\locations\settings\main\gamesBlock</Filter>
    </ClInclude>
    <ClInclude Include="..\src\locations\settings\main\gamesBlock\OneGamePurchased.h">
      <Filter>Source Files\locations\settings\main\gamesBlock</Filter>
    </ClInclude>
    <ClInclude Include="..\src\locations\settings\main\gamesBlock\PurchasedGamesBlock.h">
      <Filter>Source Files\locations\settings\main\gamesBlock</Filter>
    </ClInclude>
    <ClInclude Include="..\src\locations\settings\main\gamesBlock\ToolButton.h">
      <Filter>Source Files\locations\settings\main\gamesBlock</Filter>
    </ClInclude>
    <ClInclude Include="..\src\locations\settings\main\gamesBlock\ToolField.h">
      <Filter>Source Files\locations\settings\main\gamesBlock</Filter>
    </ClInclude>
    <ClInclude Include="..\src\events\settings\BackToMainConfigEvent.h">
      <Filter>Source Files\events\settings</Filter>
    </ClInclude>
    <ClInclude Include="..\src\gui\EventGUI.h">
      <Filter>Source Files\gui</Filter>
    </ClInclude>
    <ClInclude Include="..\src\events\menu\GameChoosedEvent.h">
      <Filter>Source Files\events\menu</Filter>
    </ClInclude>
    <ClInclude Include="..\src\locations\settings\main\popup\MainPopup.h">
      <Filter>Source Files\locations\settings\main\popup</Filter>
    </ClInclude>
    <ClInclude Include="..\src\locations\settings\main\popup\NewActivityPopup.h">
      <Filter>Source Files\locations\settings\main\popup</Filter>
    </ClInclude>
    <ClInclude Include="..\src\tools\Logger.h">
      <Filter>Source Files\tools</Filter>
    </ClInclude>
    <ClInclude Include="..\src\locations\settings\main\designBlock\ReturnButton.h">
      <Filter>Source Files\locations\settings\main\designBlock</Filter>
    </ClInclude>
    <ClInclude Include="..\src\locations\settings\main\designBlock\DesignBlock.h">
      <Filter>Source Files\locations\settings\main\designBlock</Filter>
    </ClInclude>
    <ClInclude Include="..\src\locations\settings\main\designBlock\DesignsLayout.h">
      <Filter>Source Files\locations\settings\main\designBlock</Filter>
    </ClInclude>
    <ClInclude Include="..\src\events\settings\CloseDesignLayoutEvent.h">
      <Filter>Source Files\events\settings</Filter>
    </ClInclude>
    <ClInclude Include="..\src\locations\settings\main\designBlock\ScreenSaverBlock.h">
      <Filter>Source Files\locations\settings\main\designBlock</Filter>
    </ClInclude>
    <ClInclude Include="..\src\locations\settings\SettingsFactory.h">
      <Filter>Source Files\locations\settings</Filter>
    </ClInclude>
    <ClInclude Include="..\src\locations\settings\ToolRoundBtn.h">
      <Filter>Source Files\locations\settings\elements</Filter>
    </ClInclude>
    <ClInclude Include="..\src\locations\settings\elements\LoadButton.h">
      <Filter>Source Files\locations\settings\elements</Filter>
    </ClInclude>
    <ClInclude Include="..\src\locations\settings\Checker.h">
      <Filter>Source Files\locations\settings\elements</Filter>
    </ClInclude>
    <ClInclude Include="..\src\locations\settings\main\designBlock\ScreenSaverChecker.h">
      <Filter>Source Files\locations\settings\main\designBlock</Filter>
    </ClInclude>
    <ClInclude Include="..\src\locations\settings\main\designBlock\DesignChooser.h">
      <Filter>Source Files\locations\settings\main\designBlock</Filter>
    </ClInclude>
    <ClInclude Include="..\src\locations\settings\elements\ImageQuadroButton.h">
      <Filter>Source Files\locations\settings\elements</Filter>
    </ClInclude>
    <ClInclude Include="..\src\locations\settings\main\designBlock\ChangeDesignButton.h">
      <Filter>Source Files\locations\settings\main\designBlock</Filter>
    </ClInclude>
    <ClInclude Include="..\src\events\settings\ChangeDesignEvent.h">
      <Filter>Source Files\events\settings</Filter>
    </ClInclude>
    <ClInclude Include="..\src\locations\settings\main\printerBlock\PrinterControls.h">
      <Filter>Source Files\locations\settings\main\printerBlock</Filter>
    </ClInclude>
    <ClInclude Include="..\src\tools\JsonTools.h">
      <Filter>Source Files\tools</Filter>
    </ClInclude>
    <ClInclude Include="..\src\events\settings\PrinterStatResetEvent.h">
      <Filter>Source Files\events\settings</Filter>
    </ClInclude>
    <ClInclude Include="..\src\events\settings\PrinterControlsHideEvent.h">
      <Filter>Source Files\events\settings</Filter>
    </ClInclude>
    <ClInclude Include="..\src\events\settings\CloseActivityEvent.h">
      <Filter>Source Files\events\settings</Filter>
    </ClInclude>
    <ClInclude Include="..\src\events\settings\StartNewActivityEvent.h">
      <Filter>Source Files\events\settings</Filter>
    </ClInclude>
    <ClInclude Include="..\src\locations\settings\main\printerBlock\PrinterBlock.h">
      <Filter>Source Files\locations\settings\main\printerBlock</Filter>
    </ClInclude>
    <ClInclude Include="..\src\gui\Sprite.h">
      <Filter>Source Files\gui</Filter>
    </ClInclude>
    <ClInclude Include="..\src\gui\SimpleSpriteButton.h">
      <Filter>Source Files\gui</Filter>
    </ClInclude>
    <ClInclude Include="..\src\gui\ImageButtonSprite.h">
      <Filter>Source Files\gui</Filter>
    </ClInclude>
    <ClInclude Include="..\src\locations\settings\elements\DecorLoadButton.h">
      <Filter>Source Files\locations\settings\elements</Filter>
    </ClInclude>
    <ClInclude Include="..\src\events\CheckerEvent.h">
      <Filter>Source Files\events</Filter>
    </ClInclude>
    <ClInclude Include="..\src\locations\settings\main\gamesBlock\GameChecker.h">
      <Filter>Header Files</Filter>
    </ClInclude>
    <ClInclude Include="..\src\events\settings\GameCheckerEvent.h">
      <Filter>Source Files\events\settings</Filter>
    </ClInclude>
    <ClInclude Include="..\src\events\settings\CheckerSocialEvent.h">
      <Filter>Source Files\events\settings</Filter>
    </ClInclude>
    <ClInclude Include="..\src\events\settings\ChangePhotoOverDesignEvent.h">
      <Filter>Source Files\events\settings</Filter>
    </ClInclude>
    <ClInclude Include="..\src\events\settings\ChangePhotoCardStyleDesignEvent.h">
      <Filter>Source Files\events\settings</Filter>
    </ClInclude>
    <ClInclude Include="..\src\events\settings\OpenSystemDirectoryEvent.h">
      <Filter>Source Files\events\settings</Filter>
    </ClInclude>
    <ClInclude Include="..\src\events\settings\ChangePhotoFilterPreviewActiveEvent.h">
      <Filter>Source Files\events\settings</Filter>
    </ClInclude>
    <ClInclude Include="..\src\locations\settings\elements\GameSettingsSprite.h">
      <Filter>Source Files\locations\settings\elements</Filter>
    </ClInclude>
    <ClInclude Include="..\src\locations\settings\instakub\InstakubConfig.h">
      <Filter>Source Files\locations\settings\instakub</Filter>
    </ClInclude>
    <ClInclude Include="..\src\locations\settings\instakub\SearchBlock.h">
      <Filter>Source Files\locations\settings\instakub</Filter>
    </ClInclude>
    <ClInclude Include="..\src\locations\settings\instakub\HashtagBlock.h">
      <Filter>Source Files\locations\settings\instakub</Filter>
    </ClInclude>
    <ClInclude Include="..\src\locations\settings\instakub\HashChecker.h">
      <Filter>Source Files\locations\settings\instakub</Filter>
    </ClInclude>
    <ClInclude Include="..\src\events\settings\HashCheckerEvent.h">
      <Filter>Source Files\events\settings</Filter>
    </ClInclude>
    <ClInclude Include="..\src\services\virtualKeyboard\KeyBoardButtonSprite.h">
      <Filter>Source Files\services\virtualKeyboard</Filter>
    </ClInclude>
    <ClInclude Include="..\src\services\virtualKeyboard\VirtualKeyboard.h">
      <Filter>Source Files\services\virtualKeyboard</Filter>
    </ClInclude>
    <ClInclude Include="..\src\locations\settings\elements\SixButtonsLayer.h">
      <Filter>Source Files\locations\settings\elements</Filter>
    </ClInclude>
    <ClInclude Include="..\src\locations\settings\photobooth\elements\PhotoCardStyle.h">
      <Filter>Source Files\locations\settings\photobooth\elements</Filter>
    </ClInclude>
    <ClInclude Include="..\src\locations\settings\instakub\InstaPhotoCardStyle.h">
      <Filter>Source Files\locations\settings\instakub</Filter>
    </ClInclude>
    <ClInclude Include="..\src\games\photobooth\elements\FilterButton.h">
      <Filter>Source Files\games\photobooth\elements</Filter>
    </ClInclude>
    <ClInclude Include="..\src\events\games\photobooth\PhotoFilterEvent.h">
      <Filter>Source Files\events\games\photobooth</Filter>
    </ClInclude>
    <ClInclude Include="..\src\locations\menu\ControlLayer.h">
      <Filter>Source Files\locations\menu</Filter>
    </ClInclude>
    <ClInclude Include="..\src\tools\DrawTools.h">
      <Filter>Source Files\tools</Filter>
    </ClInclude>
    <ClInclude Include="..\src\graphics\shaders\HueSaturation.h">
      <Filter>Source Files\graphics\shaders</Filter>
    </ClInclude>
    <ClInclude Include="..\src\graphics\shaders\Pixelate.h">
      <Filter>Source Files\graphics\shaders</Filter>
    </ClInclude>
    <ClInclude Include="..\src\graphics\shaders\Sepia.h">
      <Filter>Source Files\graphics\shaders</Filter>
    </ClInclude>
    <ClInclude Include="..\src\graphics\shaders\ShaderTool.h">
      <Filter>Source Files\graphics\shaders</Filter>
    </ClInclude>
    <ClInclude Include="..\src\graphics\shaders\MaskShader.h">
      <Filter>Source Files\graphics\shaders</Filter>
    </ClInclude>
    <ClInclude Include="..\src\config\elements\ConfigObject.h">
      <Filter>Source Files\config\elements</Filter>
    </ClInclude>
    <ClInclude Include="..\src\config\elements\ConfigTexts.h">
      <Filter>Source Files\config\elements</Filter>
    </ClInclude>
    <ClInclude Include="..\src\config\elements\DesignData.h">
      <Filter>Source Files\config\elements</Filter>
    </ClInclude>
    <ClInclude Include="..\src\config\elements\TextItem.h">
      <Filter>Source Files\config\elements</Filter>
    </ClInclude>
    <ClInclude Include="..\src\config\menu\MenuSettings.h">
      <Filter>Source Files\config\menu</Filter>
    </ClInclude>
    <ClInclude Include="..\src\config\screensaver\ScreenSaverSettings.h">
      <Filter>Source Files\config\screensaver</Filter>
    </ClInclude>
    <ClInclude Include="..\src\config\games\instakub\InstakubSettings.h">
      <Filter>Source Files\config\games\instakub</Filter>
    </ClInclude>
    <ClInclude Include="..\src\config\games\funces\FuncesSettings.h">
      <Filter>Source Files\config\games\funces</Filter>
    </ClInclude>
    <ClInclude Include="..\src\config\games\photobooth\PhotoboothSettings.h">
      <Filter>Source Files\config\games\photobooth</Filter>
    </ClInclude>
    <ClInclude Include="..\src\config\games\GameSettings.h">
      <Filter>Source Files\config\games</Filter>
    </ClInclude>
    <ClInclude Include="..\src\config\ConfigSettings.h">
      <Filter>Source Files\config</Filter>
    </ClInclude>
    <ClInclude Include="..\src\config\ISettings.h">
      <Filter>Source Files\config</Filter>
    </ClInclude>
    <ClInclude Include="..\src\games\photobooth\states\templateButtons\TemplateButtons.h">
      <Filter>Source Files\games\photobooth\states\templateButtons</Filter>
    </ClInclude>
    <ClInclude Include="..\src\events\games\photobooth\PhotoTemplateChooseEvent.h">
      <Filter>Source Files\events\games\photobooth</Filter>
    </ClInclude>
    <ClInclude Include="..\src\events\games\photobooth\SubPhotoTemplateChooseEvent.h">
      <Filter>Source Files\events\games\photobooth</Filter>
    </ClInclude>
  </ItemGroup>
  <ItemGroup>
    <ResourceCompile Include="Resources.rc">
      <Filter>Resource Files</Filter>
    </ResourceCompile>
  </ItemGroup>
  <ItemGroup>
    <Image Include="..\resources\preloader.png">
      <Filter>Resource Files</Filter>
    </Image>
    <Image Include="..\resources\cinder_app_icon.ico">
      <Filter>Resource Files</Filter>
    </Image>
  </ItemGroup>
  <ItemGroup>
    <None Include="..\resources\Helvetica Neue.ttf">
      <Filter>Resource Files</Filter>
    </None>
  </ItemGroup>
</Project>